// !$*UTF8*$!
{
	archiveVersion = 1;
	classes = {
	};
	objectVersion = 46;
	objects = {

/* Begin PBXBuildFile section */
		5A66436719E8DC170058C272 /* Bolts.framework in Frameworks */ = {isa = PBXBuildFile; fileRef = 5A66436419E8DC170058C272 /* Bolts.framework */; };
		5A66436819E8DC170058C272 /* Parse.framework in Frameworks */ = {isa = PBXBuildFile; fileRef = 5A66436519E8DC170058C272 /* Parse.framework */; };
		5A66436919E8DC170058C272 /* ParseFacebookUtils.framework in Frameworks */ = {isa = PBXBuildFile; fileRef = 5A66436619E8DC170058C272 /* ParseFacebookUtils.framework */; };
		5A66436B19E8DCD80058C272 /* AudioToolbox.framework in Frameworks */ = {isa = PBXBuildFile; fileRef = 5A66436A19E8DCD80058C272 /* AudioToolbox.framework */; };
		5A66436D19E8DE2B0058C272 /* CFNetwork.framework in Frameworks */ = {isa = PBXBuildFile; fileRef = 5A66436C19E8DE2B0058C272 /* CFNetwork.framework */; };
		5A66436F19E8DE350058C272 /* CoreGraphics.framework in Frameworks */ = {isa = PBXBuildFile; fileRef = 5A66436E19E8DE350058C272 /* CoreGraphics.framework */; };
		5A66437119E8DE3F0058C272 /* CoreLocation.framework in Frameworks */ = {isa = PBXBuildFile; fileRef = 5A66437019E8DE3F0058C272 /* CoreLocation.framework */; };
		5A66437319E8DE510058C272 /* libz.dylib in Frameworks */ = {isa = PBXBuildFile; fileRef = 5A66437219E8DE510058C272 /* libz.dylib */; };
		5A66437519E8DE5C0058C272 /* MobileCoreServices.framework in Frameworks */ = {isa = PBXBuildFile; fileRef = 5A66437419E8DE5C0058C272 /* MobileCoreServices.framework */; };
		5A66437719E8DE650058C272 /* QuartzCore.framework in Frameworks */ = {isa = PBXBuildFile; fileRef = 5A66437619E8DE650058C272 /* QuartzCore.framework */; };
		5A66437919E8DE6E0058C272 /* Security.framework in Frameworks */ = {isa = PBXBuildFile; fileRef = 5A66437819E8DE6E0058C272 /* Security.framework */; };
		5A66437B19E8DE880058C272 /* StoreKit.framework in Frameworks */ = {isa = PBXBuildFile; fileRef = 5A66437A19E8DE880058C272 /* StoreKit.framework */; };
		5A66437D19E8DE930058C272 /* SystemConfiguration.framework in Frameworks */ = {isa = PBXBuildFile; fileRef = 5A66437C19E8DE930058C272 /* SystemConfiguration.framework */; };
		5A66438219E8EAD60058C272 /* TimelineTableViewController.swift in Sources */ = {isa = PBXBuildFile; fileRef = 5A66438119E8EAD60058C272 /* TimelineTableViewController.swift */; };
		5A66438419E8EB890058C272 /* ComposeViewController.swift in Sources */ = {isa = PBXBuildFile; fileRef = 5A66438319E8EB890058C272 /* ComposeViewController.swift */; };
		5A66438619E8EEED0058C272 /* SweetTableViewCell.swift in Sources */ = {isa = PBXBuildFile; fileRef = 5A66438519E8EEED0058C272 /* SweetTableViewCell.swift */; };
		5AFF04EE19E8DB5E0058465F /* AppDelegate.swift in Sources */ = {isa = PBXBuildFile; fileRef = 5AFF04ED19E8DB5E0058465F /* AppDelegate.swift */; };
		5AFF04F019E8DB5E0058465F /* ViewController.swift in Sources */ = {isa = PBXBuildFile; fileRef = 5AFF04EF19E8DB5E0058465F /* ViewController.swift */; };
		5AFF04F319E8DB5E0058465F /* Main.storyboard in Resources */ = {isa = PBXBuildFile; fileRef = 5AFF04F119E8DB5E0058465F /* Main.storyboard */; };
		5AFF04F519E8DB5E0058465F /* Images.xcassets in Resources */ = {isa = PBXBuildFile; fileRef = 5AFF04F419E8DB5E0058465F /* Images.xcassets */; };
		5AFF04F819E8DB5E0058465F /* LaunchScreen.xib in Resources */ = {isa = PBXBuildFile; fileRef = 5AFF04F619E8DB5E0058465F /* LaunchScreen.xib */; };
		5AFF050419E8DB5F0058465F /* SwifterTests.swift in Sources */ = {isa = PBXBuildFile; fileRef = 5AFF050319E8DB5F0058465F /* SwifterTests.swift */; };
/* End PBXBuildFile section */

/* Begin PBXContainerItemProxy section */
		5AFF04FE19E8DB5F0058465F /* PBXContainerItemProxy */ = {
			isa = PBXContainerItemProxy;
			containerPortal = 5AFF04E019E8DB5E0058465F /* Project object */;
			proxyType = 1;
			remoteGlobalIDString = 5AFF04E719E8DB5E0058465F;
			remoteInfo = Swifter;
		};
/* End PBXContainerItemProxy section */

/* Begin PBXFileReference section */
		5A66436419E8DC170058C272 /* Bolts.framework */ = {isa = PBXFileReference; lastKnownFileType = wrapper.framework; path = Bolts.framework; sourceTree = "<group>"; };
		5A66436519E8DC170058C272 /* Parse.framework */ = {isa = PBXFileReference; lastKnownFileType = wrapper.framework; path = Parse.framework; sourceTree = "<group>"; };
		5A66436619E8DC170058C272 /* ParseFacebookUtils.framework */ = {isa = PBXFileReference; lastKnownFileType = wrapper.framework; path = ParseFacebookUtils.framework; sourceTree = "<group>"; };
		5A66436A19E8DCD80058C272 /* AudioToolbox.framework */ = {isa = PBXFileReference; lastKnownFileType = wrapper.framework; name = AudioToolbox.framework; path = System/Library/Frameworks/AudioToolbox.framework; sourceTree = SDKROOT; };
		5A66436C19E8DE2B0058C272 /* CFNetwork.framework */ = {isa = PBXFileReference; lastKnownFileType = wrapper.framework; name = CFNetwork.framework; path = System/Library/Frameworks/CFNetwork.framework; sourceTree = SDKROOT; };
		5A66436E19E8DE350058C272 /* CoreGraphics.framework */ = {isa = PBXFileReference; lastKnownFileType = wrapper.framework; name = CoreGraphics.framework; path = System/Library/Frameworks/CoreGraphics.framework; sourceTree = SDKROOT; };
		5A66437019E8DE3F0058C272 /* CoreLocation.framework */ = {isa = PBXFileReference; lastKnownFileType = wrapper.framework; name = CoreLocation.framework; path = System/Library/Frameworks/CoreLocation.framework; sourceTree = SDKROOT; };
		5A66437219E8DE510058C272 /* libz.dylib */ = {isa = PBXFileReference; lastKnownFileType = "compiled.mach-o.dylib"; name = libz.dylib; path = usr/lib/libz.dylib; sourceTree = SDKROOT; };
		5A66437419E8DE5C0058C272 /* MobileCoreServices.framework */ = {isa = PBXFileReference; lastKnownFileType = wrapper.framework; name = MobileCoreServices.framework; path = System/Library/Frameworks/MobileCoreServices.framework; sourceTree = SDKROOT; };
		5A66437619E8DE650058C272 /* QuartzCore.framework */ = {isa = PBXFileReference; lastKnownFileType = wrapper.framework; name = QuartzCore.framework; path = System/Library/Frameworks/QuartzCore.framework; sourceTree = SDKROOT; };
		5A66437819E8DE6E0058C272 /* Security.framework */ = {isa = PBXFileReference; lastKnownFileType = wrapper.framework; name = Security.framework; path = System/Library/Frameworks/Security.framework; sourceTree = SDKROOT; };
		5A66437A19E8DE880058C272 /* StoreKit.framework */ = {isa = PBXFileReference; lastKnownFileType = wrapper.framework; name = StoreKit.framework; path = System/Library/Frameworks/StoreKit.framework; sourceTree = SDKROOT; };
		5A66437C19E8DE930058C272 /* SystemConfiguration.framework */ = {isa = PBXFileReference; lastKnownFileType = wrapper.framework; name = SystemConfiguration.framework; path = System/Library/Frameworks/SystemConfiguration.framework; sourceTree = SDKROOT; };
		5A66437E19E8DF840058C272 /* Swifter-Bridging-Header.h */ = {isa = PBXFileReference; lastKnownFileType = sourcecode.c.h; path = "Swifter-Bridging-Header.h"; sourceTree = "<group>"; };
		5A66438119E8EAD60058C272 /* TimelineTableViewController.swift */ = {isa = PBXFileReference; fileEncoding = 4; lastKnownFileType = sourcecode.swift; path = TimelineTableViewController.swift; sourceTree = "<group>"; };
		5A66438319E8EB890058C272 /* ComposeViewController.swift */ = {isa = PBXFileReference; fileEncoding = 4; lastKnownFileType = sourcecode.swift; path = ComposeViewController.swift; sourceTree = "<group>"; };
		5A66438519E8EEED0058C272 /* SweetTableViewCell.swift */ = {isa = PBXFileReference; fileEncoding = 4; lastKnownFileType = sourcecode.swift; path = SweetTableViewCell.swift; sourceTree = "<group>"; };
		5AFF04E819E8DB5E0058465F /* Swifter.app */ = {isa = PBXFileReference; explicitFileType = wrapper.application; includeInIndex = 0; path = Swifter.app; sourceTree = BUILT_PRODUCTS_DIR; };
		5AFF04EC19E8DB5E0058465F /* Info.plist */ = {isa = PBXFileReference; lastKnownFileType = text.plist.xml; path = Info.plist; sourceTree = "<group>"; };
		5AFF04ED19E8DB5E0058465F /* AppDelegate.swift */ = {isa = PBXFileReference; lastKnownFileType = sourcecode.swift; path = AppDelegate.swift; sourceTree = "<group>"; };
		5AFF04EF19E8DB5E0058465F /* ViewController.swift */ = {isa = PBXFileReference; lastKnownFileType = sourcecode.swift; path = ViewController.swift; sourceTree = "<group>"; };
		5AFF04F219E8DB5E0058465F /* Base */ = {isa = PBXFileReference; lastKnownFileType = file.storyboard; name = Base; path = Base.lproj/Main.storyboard; sourceTree = "<group>"; };
		5AFF04F419E8DB5E0058465F /* Images.xcassets */ = {isa = PBXFileReference; lastKnownFileType = folder.assetcatalog; path = Images.xcassets; sourceTree = "<group>"; };
		5AFF04F719E8DB5E0058465F /* Base */ = {isa = PBXFileReference; lastKnownFileType = file.xib; name = Base; path = Base.lproj/LaunchScreen.xib; sourceTree = "<group>"; };
		5AFF04FD19E8DB5F0058465F /* SwifterTests.xctest */ = {isa = PBXFileReference; explicitFileType = wrapper.cfbundle; includeInIndex = 0; path = SwifterTests.xctest; sourceTree = BUILT_PRODUCTS_DIR; };
		5AFF050219E8DB5F0058465F /* Info.plist */ = {isa = PBXFileReference; lastKnownFileType = text.plist.xml; path = Info.plist; sourceTree = "<group>"; };
		5AFF050319E8DB5F0058465F /* SwifterTests.swift */ = {isa = PBXFileReference; lastKnownFileType = sourcecode.swift; path = SwifterTests.swift; sourceTree = "<group>"; };
/* End PBXFileReference section */

/* Begin PBXFrameworksBuildPhase section */
		5AFF04E519E8DB5E0058465F /* Frameworks */ = {
			isa = PBXFrameworksBuildPhase;
			buildActionMask = 2147483647;
			files = (
				5A66437D19E8DE930058C272 /* SystemConfiguration.framework in Frameworks */,
				5A66437B19E8DE880058C272 /* StoreKit.framework in Frameworks */,
				5A66437919E8DE6E0058C272 /* Security.framework in Frameworks */,
				5A66437719E8DE650058C272 /* QuartzCore.framework in Frameworks */,
				5A66437519E8DE5C0058C272 /* MobileCoreServices.framework in Frameworks */,
				5A66437319E8DE510058C272 /* libz.dylib in Frameworks */,
				5A66437119E8DE3F0058C272 /* CoreLocation.framework in Frameworks */,
				5A66436F19E8DE350058C272 /* CoreGraphics.framework in Frameworks */,
				5A66436D19E8DE2B0058C272 /* CFNetwork.framework in Frameworks */,
				5A66436B19E8DCD80058C272 /* AudioToolbox.framework in Frameworks */,
				5A66436819E8DC170058C272 /* Parse.framework in Frameworks */,
				5A66436719E8DC170058C272 /* Bolts.framework in Frameworks */,
				5A66436919E8DC170058C272 /* ParseFacebookUtils.framework in Frameworks */,
			);
			runOnlyForDeploymentPostprocessing = 0;
		};
		5AFF04FA19E8DB5F0058465F /* Frameworks */ = {
			isa = PBXFrameworksBuildPhase;
			buildActionMask = 2147483647;
			files = (
			);
			runOnlyForDeploymentPostprocessing = 0;
		};
/* End PBXFrameworksBuildPhase section */

/* Begin PBXGroup section */
		5A66436319E8DC170058C272 /* Frameworks */ = {
			isa = PBXGroup;
			children = (
				5A66437219E8DE510058C272 /* libz.dylib */,
				5A66437019E8DE3F0058C272 /* CoreLocation.framework */,
				5A66436E19E8DE350058C272 /* CoreGraphics.framework */,
				5A66436C19E8DE2B0058C272 /* CFNetwork.framework */,
				5A66436A19E8DCD80058C272 /* AudioToolbox.framework */,
				5A66437419E8DE5C0058C272 /* MobileCoreServices.framework */,
				5A66437619E8DE650058C272 /* QuartzCore.framework */,
				5A66437819E8DE6E0058C272 /* Security.framework */,
				5A66437A19E8DE880058C272 /* StoreKit.framework */,
				5A66437C19E8DE930058C272 /* SystemConfiguration.framework */,
				5A66436419E8DC170058C272 /* Bolts.framework */,
				5A66436519E8DC170058C272 /* Parse.framework */,
				5A66436619E8DC170058C272 /* ParseFacebookUtils.framework */,
			);
			name = Frameworks;
			path = "parse-library-1";
			sourceTree = "<group>";
		};
		5AFF04DF19E8DB5E0058465F = {
			isa = PBXGroup;
			children = (
				5A66436319E8DC170058C272 /* Frameworks */,
				5AFF04EA19E8DB5E0058465F /* Swifter */,
				5AFF050019E8DB5F0058465F /* SwifterTests */,
				5AFF04E919E8DB5E0058465F /* Products */,
			);
			sourceTree = "<group>";
		};
		5AFF04E919E8DB5E0058465F /* Products */ = {
			isa = PBXGroup;
			children = (
				5AFF04E819E8DB5E0058465F /* Swifter.app */,
				5AFF04FD19E8DB5F0058465F /* SwifterTests.xctest */,
			);
			name = Products;
			sourceTree = "<group>";
		};
		5AFF04EA19E8DB5E0058465F /* Swifter */ = {
			isa = PBXGroup;
			children = (
				5A66437E19E8DF840058C272 /* Swifter-Bridging-Header.h */,
				5AFF04ED19E8DB5E0058465F /* AppDelegate.swift */,
				5A66438119E8EAD60058C272 /* TimelineTableViewController.swift */,
				5A66438319E8EB890058C272 /* ComposeViewController.swift */,
				5A66438519E8EEED0058C272 /* SweetTableViewCell.swift */,
				5AFF04EF19E8DB5E0058465F /* ViewController.swift */,
				5AFF04F119E8DB5E0058465F /* Main.storyboard */,
				5AFF04F419E8DB5E0058465F /* Images.xcassets */,
				5AFF04F619E8DB5E0058465F /* LaunchScreen.xib */,
				5AFF04EB19E8DB5E0058465F /* Supporting Files */,
			);
			path = Swifter;
			sourceTree = "<group>";
		};
		5AFF04EB19E8DB5E0058465F /* Supporting Files */ = {
			isa = PBXGroup;
			children = (
				5AFF04EC19E8DB5E0058465F /* Info.plist */,
			);
			name = "Supporting Files";
			sourceTree = "<group>";
		};
		5AFF050019E8DB5F0058465F /* SwifterTests */ = {
			isa = PBXGroup;
			children = (
				5AFF050319E8DB5F0058465F /* SwifterTests.swift */,
				5AFF050119E8DB5F0058465F /* Supporting Files */,
			);
			path = SwifterTests;
			sourceTree = "<group>";
		};
		5AFF050119E8DB5F0058465F /* Supporting Files */ = {
			isa = PBXGroup;
			children = (
				5AFF050219E8DB5F0058465F /* Info.plist */,
			);
			name = "Supporting Files";
			sourceTree = "<group>";
		};
/* End PBXGroup section */

/* Begin PBXNativeTarget section */
		5AFF04E719E8DB5E0058465F /* Swifter */ = {
			isa = PBXNativeTarget;
			buildConfigurationList = 5AFF050719E8DB5F0058465F /* Build configuration list for PBXNativeTarget "Swifter" */;
			buildPhases = (
				5AFF04E419E8DB5E0058465F /* Sources */,
				5AFF04E519E8DB5E0058465F /* Frameworks */,
				5AFF04E619E8DB5E0058465F /* Resources */,
			);
			buildRules = (
			);
			dependencies = (
			);
			name = Swifter;
			productName = Swifter;
			productReference = 5AFF04E819E8DB5E0058465F /* Swifter.app */;
			productType = "com.apple.product-type.application";
		};
		5AFF04FC19E8DB5F0058465F /* SwifterTests */ = {
			isa = PBXNativeTarget;
			buildConfigurationList = 5AFF050A19E8DB5F0058465F /* Build configuration list for PBXNativeTarget "SwifterTests" */;
			buildPhases = (
				5AFF04F919E8DB5F0058465F /* Sources */,
				5AFF04FA19E8DB5F0058465F /* Frameworks */,
				5AFF04FB19E8DB5F0058465F /* Resources */,
			);
			buildRules = (
			);
			dependencies = (
				5AFF04FF19E8DB5F0058465F /* PBXTargetDependency */,
			);
			name = SwifterTests;
			productName = SwifterTests;
			productReference = 5AFF04FD19E8DB5F0058465F /* SwifterTests.xctest */;
			productType = "com.apple.product-type.bundle.unit-test";
		};
/* End PBXNativeTarget section */

/* Begin PBXProject section */
		5AFF04E019E8DB5E0058465F /* Project object */ = {
			isa = PBXProject;
			attributes = {
				LastUpgradeCheck = 0600;
				ORGANIZATIONNAME = Hirokazu;
				TargetAttributes = {
					5AFF04E719E8DB5E0058465F = {
						CreatedOnToolsVersion = 6.0.1;
					};
					5AFF04FC19E8DB5F0058465F = {
						CreatedOnToolsVersion = 6.0.1;
						TestTargetID = 5AFF04E719E8DB5E0058465F;
					};
				};
			};
			buildConfigurationList = 5AFF04E319E8DB5E0058465F /* Build configuration list for PBXProject "Swifter" */;
			compatibilityVersion = "Xcode 3.2";
			developmentRegion = English;
			hasScannedForEncodings = 0;
			knownRegions = (
				en,
				Base,
			);
			mainGroup = 5AFF04DF19E8DB5E0058465F;
			productRefGroup = 5AFF04E919E8DB5E0058465F /* Products */;
			projectDirPath = "";
			projectRoot = "";
			targets = (
				5AFF04E719E8DB5E0058465F /* Swifter */,
				5AFF04FC19E8DB5F0058465F /* SwifterTests */,
			);
		};
/* End PBXProject section */

/* Begin PBXResourcesBuildPhase section */
		5AFF04E619E8DB5E0058465F /* Resources */ = {
			isa = PBXResourcesBuildPhase;
			buildActionMask = 2147483647;
			files = (
				5AFF04F319E8DB5E0058465F /* Main.storyboard in Resources */,
				5AFF04F819E8DB5E0058465F /* LaunchScreen.xib in Resources */,
				5AFF04F519E8DB5E0058465F /* Images.xcassets in Resources */,
			);
			runOnlyForDeploymentPostprocessing = 0;
		};
		5AFF04FB19E8DB5F0058465F /* Resources */ = {
			isa = PBXResourcesBuildPhase;
			buildActionMask = 2147483647;
			files = (
			);
			runOnlyForDeploymentPostprocessing = 0;
		};
/* End PBXResourcesBuildPhase section */

/* Begin PBXSourcesBuildPhase section */
		5AFF04E419E8DB5E0058465F /* Sources */ = {
			isa = PBXSourcesBuildPhase;
			buildActionMask = 2147483647;
			files = (
				5AFF04F019E8DB5E0058465F /* ViewController.swift in Sources */,
				5A66438219E8EAD60058C272 /* TimelineTableViewController.swift in Sources */,
				5AFF04EE19E8DB5E0058465F /* AppDelegate.swift in Sources */,
				5A66438619E8EEED0058C272 /* SweetTableViewCell.swift in Sources */,
				5A66438419E8EB890058C272 /* ComposeViewController.swift in Sources */,
			);
			runOnlyForDeploymentPostprocessing = 0;
		};
		5AFF04F919E8DB5F0058465F /* Sources */ = {
			isa = PBXSourcesBuildPhase;
			buildActionMask = 2147483647;
			files = (
				5AFF050419E8DB5F0058465F /* SwifterTests.swift in Sources */,
			);
			runOnlyForDeploymentPostprocessing = 0;
		};
/* End PBXSourcesBuildPhase section */

/* Begin PBXTargetDependency section */
		5AFF04FF19E8DB5F0058465F /* PBXTargetDependency */ = {
			isa = PBXTargetDependency;
			target = 5AFF04E719E8DB5E0058465F /* Swifter */;
			targetProxy = 5AFF04FE19E8DB5F0058465F /* PBXContainerItemProxy */;
		};
/* End PBXTargetDependency section */

/* Begin PBXVariantGroup section */
		5AFF04F119E8DB5E0058465F /* Main.storyboard */ = {
			isa = PBXVariantGroup;
			children = (
				5AFF04F219E8DB5E0058465F /* Base */,
			);
			name = Main.storyboard;
			sourceTree = "<group>";
		};
		5AFF04F619E8DB5E0058465F /* LaunchScreen.xib */ = {
			isa = PBXVariantGroup;
			children = (
				5AFF04F719E8DB5E0058465F /* Base */,
			);
			name = LaunchScreen.xib;
			sourceTree = "<group>";
		};
/* End PBXVariantGroup section */

/* Begin XCBuildConfiguration section */
		5AFF050519E8DB5F0058465F /* Debug */ = {
			isa = XCBuildConfiguration;
			buildSettings = {
				ALWAYS_SEARCH_USER_PATHS = NO;
				CLANG_CXX_LANGUAGE_STANDARD = "gnu++0x";
				CLANG_CXX_LIBRARY = "libc++";
				CLANG_ENABLE_MODULES = YES;
				CLANG_ENABLE_OBJC_ARC = YES;
				CLANG_WARN_BOOL_CONVERSION = YES;
				CLANG_WARN_CONSTANT_CONVERSION = YES;
				CLANG_WARN_DIRECT_OBJC_ISA_USAGE = YES_ERROR;
				CLANG_WARN_EMPTY_BODY = YES;
				CLANG_WARN_ENUM_CONVERSION = YES;
				CLANG_WARN_INT_CONVERSION = YES;
				CLANG_WARN_OBJC_ROOT_CLASS = YES_ERROR;
				CLANG_WARN_UNREACHABLE_CODE = YES;
				CLANG_WARN__DUPLICATE_METHOD_MATCH = YES;
				"CODE_SIGN_IDENTITY[sdk=iphoneos*]" = "iPhone Developer";
				COPY_PHASE_STRIP = NO;
				ENABLE_STRICT_OBJC_MSGSEND = YES;
				GCC_C_LANGUAGE_STANDARD = gnu99;
				GCC_DYNAMIC_NO_PIC = NO;
				GCC_OPTIMIZATION_LEVEL = 0;
				GCC_PREPROCESSOR_DEFINITIONS = (
					"DEBUG=1",
					"$(inherited)",
				);
				GCC_SYMBOLS_PRIVATE_EXTERN = NO;
				GCC_WARN_64_TO_32_BIT_CONVERSION = YES;
				GCC_WARN_ABOUT_RETURN_TYPE = YES_ERROR;
				GCC_WARN_UNDECLARED_SELECTOR = YES;
				GCC_WARN_UNINITIALIZED_AUTOS = YES_AGGRESSIVE;
				GCC_WARN_UNUSED_FUNCTION = YES;
				GCC_WARN_UNUSED_VARIABLE = YES;
				IPHONEOS_DEPLOYMENT_TARGET = 8.0;
				MTL_ENABLE_DEBUG_INFO = YES;
				ONLY_ACTIVE_ARCH = YES;
				SDKROOT = iphoneos;
				SWIFT_OPTIMIZATION_LEVEL = "-Onone";
			};
			name = Debug;
		};
		5AFF050619E8DB5F0058465F /* Release */ = {
			isa = XCBuildConfiguration;
			buildSettings = {
				ALWAYS_SEARCH_USER_PATHS = NO;
				CLANG_CXX_LANGUAGE_STANDARD = "gnu++0x";
				CLANG_CXX_LIBRARY = "libc++";
				CLANG_ENABLE_MODULES = YES;
				CLANG_ENABLE_OBJC_ARC = YES;
				CLANG_WARN_BOOL_CONVERSION = YES;
				CLANG_WARN_CONSTANT_CONVERSION = YES;
				CLANG_WARN_DIRECT_OBJC_ISA_USAGE = YES_ERROR;
				CLANG_WARN_EMPTY_BODY = YES;
				CLANG_WARN_ENUM_CONVERSION = YES;
				CLANG_WARN_INT_CONVERSION = YES;
				CLANG_WARN_OBJC_ROOT_CLASS = YES_ERROR;
				CLANG_WARN_UNREACHABLE_CODE = YES;
				CLANG_WARN__DUPLICATE_METHOD_MATCH = YES;
				"CODE_SIGN_IDENTITY[sdk=iphoneos*]" = "iPhone Developer";
				COPY_PHASE_STRIP = YES;
				ENABLE_NS_ASSERTIONS = NO;
				ENABLE_STRICT_OBJC_MSGSEND = YES;
				GCC_C_LANGUAGE_STANDARD = gnu99;
				GCC_WARN_64_TO_32_BIT_CONVERSION = YES;
				GCC_WARN_ABOUT_RETURN_TYPE = YES_ERROR;
				GCC_WARN_UNDECLARED_SELECTOR = YES;
				GCC_WARN_UNINITIALIZED_AUTOS = YES_AGGRESSIVE;
				GCC_WARN_UNUSED_FUNCTION = YES;
				GCC_WARN_UNUSED_VARIABLE = YES;
				IPHONEOS_DEPLOYMENT_TARGET = 8.0;
				MTL_ENABLE_DEBUG_INFO = NO;
				SDKROOT = iphoneos;
				VALIDATE_PRODUCT = YES;
			};
			name = Release;
		};
		5AFF050819E8DB5F0058465F /* Debug */ = {
			isa = XCBuildConfiguration;
			buildSettings = {
				ASSETCATALOG_COMPILER_APPICON_NAME = AppIcon;
				CLANG_ENABLE_MODULES = YES;
				FRAMEWORK_SEARCH_PATHS = (
					"$(inherited)",
					"$(PROJECT_DIR)/parse-library-1",
				);
				INFOPLIST_FILE = Swifter/Info.plist;
				IPHONEOS_DEPLOYMENT_TARGET = 8.0;
				LD_RUNPATH_SEARCH_PATHS = "$(inherited) @executable_path/Frameworks";
				PRODUCT_NAME = "$(TARGET_NAME)";
				SWIFT_OBJC_BRIDGING_HEADER = "Swifter/Swifter-Bridging-Header.h";
				SWIFT_OPTIMIZATION_LEVEL = "-Onone";
			};
			name = Debug;
		};
		5AFF050919E8DB5F0058465F /* Release */ = {
			isa = XCBuildConfiguration;
			buildSettings = {
				ASSETCATALOG_COMPILER_APPICON_NAME = AppIcon;
				CLANG_ENABLE_MODULES = YES;
				FRAMEWORK_SEARCH_PATHS = (
					"$(inherited)",
					"$(PROJECT_DIR)/parse-library-1",
				);
				INFOPLIST_FILE = Swifter/Info.plist;
				IPHONEOS_DEPLOYMENT_TARGET = 8.0;
				LD_RUNPATH_SEARCH_PATHS = "$(inherited) @executable_path/Frameworks";
				PRODUCT_NAME = "$(TARGET_NAME)";
				SWIFT_OBJC_BRIDGING_HEADER = "Swifter/Swifter-Bridging-Header.h";
			};
			name = Release;
		};
		5AFF050B19E8DB5F0058465F /* Debug */ = {
			isa = XCBuildConfiguration;
			buildSettings = {
				BUNDLE_LOADER = "$(TEST_HOST)";
				FRAMEWORK_SEARCH_PATHS = (
					"$(SDKROOT)/Developer/Library/Frameworks",
					"$(inherited)",
				);
				GCC_PREPROCESSOR_DEFINITIONS = (
					"DEBUG=1",
					"$(inherited)",
				);
				INFOPLIST_FILE = SwifterTests/Info.plist;
				LD_RUNPATH_SEARCH_PATHS = "$(inherited) @executable_path/Frameworks @loader_path/Frameworks";
				PRODUCT_NAME = "$(TARGET_NAME)";
				TEST_HOST = "$(BUILT_PRODUCTS_DIR)/Swifter.app/Swifter";
			};
			name = Debug;
		};
		5AFF050C19E8DB5F0058465F /* Release */ = {
			isa = XCBuildConfiguration;
			buildSettings = {
				BUNDLE_LOADER = "$(TEST_HOST)";
				FRAMEWORK_SEARCH_PATHS = (
					"$(SDKROOT)/Developer/Library/Frameworks",
					"$(inherited)",
				);
				INFOPLIST_FILE = SwifterTests/Info.plist;
				LD_RUNPATH_SEARCH_PATHS = "$(inherited) @executable_path/Frameworks @loader_path/Frameworks";
				PRODUCT_NAME = "$(TARGET_NAME)";
				TEST_HOST = "$(BUILT_PRODUCTS_DIR)/Swifter.app/Swifter";
			};
			name = Release;
		};
/* End XCBuildConfiguration section */

/* Begin XCConfigurationList section */
		5AFF04E319E8DB5E0058465F /* Build configuration list for PBXProject "Swifter" */ = {
			isa = XCConfigurationList;
			buildConfigurations = (
				5AFF050519E8DB5F0058465F /* Debug */,
				5AFF050619E8DB5F0058465F /* Release */,
			);
			defaultConfigurationIsVisible = 0;
			defaultConfigurationName = Release;
		};
		5AFF050719E8DB5F0058465F /* Build configuration list for PBXNativeTarget "Swifter" */ = {
			isa = XCConfigurationList;
			buildConfigurations = (
				5AFF050819E8DB5F0058465F /* Debug */,
				5AFF050919E8DB5F0058465F /* Release */,
			);
			defaultConfigurationIsVisible = 0;
			defaultConfigurationName = Release;
		};
		5AFF050A19E8DB5F0058465F /* Build configuration list for PBXNativeTarget "SwifterTests" */ = {
			isa = XCConfigurationList;
			buildConfigurations = (
				5AFF050B19E8DB5F0058465F /* Debug */,
				5AFF050C19E8DB5F0058465F /* Release */,
			);
			defaultConfigurationIsVisible = 0;
			defaultConfigurationName = Release;
		};
/* End XCConfigurationList section */
	};
	rootObject = 5AFF04E019E8DB5E0058465F /* Project object */;
}
